
Microsoft Visual Studio Solution File, Format Version 12.00
# Visual Studio Version 17
VisualStudioVersion = 17.4.33205.214
MinimumVisualStudioVersion = 10.0.40219.1
Project("{8BC9CEB8-8B4A-11D0-8D11-00A0C91BC942}") = "CockpitControls", "CockpitControls.vcxproj", "{9C5D3865-EFCA-4C85-8056-7424A1D8877B}"
EndProject
Project("{8BC9CEB8-8B4A-11D0-8D11-00A0C91BC942}") = "Judge_SerialCommander", "..\libraries\Judge_SerialCommander\Judge_SerialCommander.vcxitems", "{5BBEDA30-0626-406F-81F4-EAEE3B68352A}"
EndProject
Global
	GlobalSection(SolutionConfigurationPlatforms) = preSolution
		Debug|ARM = Debug|ARM
		Debug|ARM64 = Debug|ARM64
		Debug|x64 = Debug|x64
		Debug|x86 = Debug|x86
		Release|ARM = Release|ARM
		Release|ARM64 = Release|ARM64
		Release|x64 = Release|x64
		Release|x86 = Release|x86
	EndGlobalSection
	GlobalSection(ProjectConfigurationPlatforms) = postSolution
		{9C5D3865-EFCA-4C85-8056-7424A1D8877B}.Debug|ARM.ActiveCfg = Debug|ARM
		{9C5D3865-EFCA-4C85-8056-7424A1D8877B}.Debug|ARM.Build.0 = Debug|ARM
		{9C5D3865-EFCA-4C85-8056-7424A1D8877B}.Debug|ARM.Deploy.0 = Debug|ARM
		{9C5D3865-EFCA-4C85-8056-7424A1D8877B}.Debug|ARM64.ActiveCfg = Debug|ARM64
		{9C5D3865-EFCA-4C85-8056-7424A1D8877B}.Debug|ARM64.Build.0 = Debug|ARM64
		{9C5D3865-EFCA-4C85-8056-7424A1D8877B}.Debug|ARM64.Deploy.0 = Debug|ARM64
		{9C5D3865-EFCA-4C85-8056-7424A1D8877B}.Debug|x64.ActiveCfg = Debug|x64
		{9C5D3865-EFCA-4C85-8056-7424A1D8877B}.Debug|x64.Build.0 = Debug|x64
		{9C5D3865-EFCA-4C85-8056-7424A1D8877B}.Debug|x64.Deploy.0 = Debug|x64
		{9C5D3865-EFCA-4C85-8056-7424A1D8877B}.Debug|x86.ActiveCfg = Debug|x86
		{9C5D3865-EFCA-4C85-8056-7424A1D8877B}.Debug|x86.Build.0 = Debug|x86
		{9C5D3865-EFCA-4C85-8056-7424A1D8877B}.Debug|x86.Deploy.0 = Debug|x86
		{9C5D3865-EFCA-4C85-8056-7424A1D8877B}.Release|ARM.ActiveCfg = Release|ARM
		{9C5D3865-EFCA-4C85-8056-7424A1D8877B}.Release|ARM.Build.0 = Release|ARM
		{9C5D3865-EFCA-4C85-8056-7424A1D8877B}.Release|ARM.Deploy.0 = Release|ARM
		{9C5D3865-EFCA-4C85-8056-7424A1D8877B}.Release|ARM64.ActiveCfg = Release|ARM64
		{9C5D3865-EFCA-4C85-8056-7424A1D8877B}.Release|ARM64.Build.0 = Release|ARM64
		{9C5D3865-EFCA-4C85-8056-7424A1D8877B}.Release|ARM64.Deploy.0 = Release|ARM64
		{9C5D3865-EFCA-4C85-8056-7424A1D8877B}.Release|x64.ActiveCfg = Release|x64
		{9C5D3865-EFCA-4C85-8056-7424A1D8877B}.Release|x64.Build.0 = Release|x64
		{9C5D3865-EFCA-4C85-8056-7424A1D8877B}.Release|x64.Deploy.0 = Release|x64
		{9C5D3865-EFCA-4C85-8056-7424A1D8877B}.Release|x86.ActiveCfg = Release|x86
		{9C5D3865-EFCA-4C85-8056-7424A1D8877B}.Release|x86.Build.0 = Release|x86
		{9C5D3865-EFCA-4C85-8056-7424A1D8877B}.Release|x86.Deploy.0 = Release|x86
	EndGlobalSection
	GlobalSection(SolutionProperties) = preSolution
		HideSolutionNode = FALSE
	EndGlobalSection
	GlobalSection(ExtensibilityGlobals) = postSolution
		SolutionGuid = {C5FA0996-6208-4E16-BBC0-F183183700CD}
	EndGlobalSection
	GlobalSection(SharedMSBuildProjectFiles) = preSolution
		..\libraries\Judge_ButtonManager\Judge_ButtonManager.vcxitems*{9c5d3865-efca-4c85-8056-7424a1d8877b}*SharedItemsImports = 4
		..\libraries\Judge_MotorManager\Judge_MotorManager.vcxitems*{9c5d3865-efca-4c85-8056-7424a1d8877b}*SharedItemsImports = 4
		..\libraries\Judge_Sensors\Judge_Sensors.vcxitems*{9c5d3865-efca-4c85-8056-7424a1d8877b}*SharedItemsImports = 4
		..\libraries\Judge_SerialCommander\Judge_SerialCommander.vcxitems*{9c5d3865-efca-4c85-8056-7424a1d8877b}*SharedItemsImports = 4
		..\libraries\Judge_Util\Judge_Util.vcxitems*{9c5d3865-efca-4c85-8056-7424a1d8877b}*SharedItemsImports = 4
	EndGlobalSection
EndGlobal
